// !$*UTF8*$!
{
	archiveVersion = 1;
	classes = {
	};
	objectVersion = 46;
	objects = {

/* Begin PBXBuildFile section */
		BF122DEE1C9EC64100A9D652 /* AppDelegate.swift in Sources */ = {isa = PBXBuildFile; fileRef = BF122DED1C9EC64000A9D652 /* AppDelegate.swift */; };
		BF122DF01C9EC64100A9D652 /* RecordSoundsViewController.swift in Sources */ = {isa = PBXBuildFile; fileRef = BF122DEF1C9EC64100A9D652 /* RecordSoundsViewController.swift */; };
		BF122DF31C9EC64100A9D652 /* Main.storyboard in Resources */ = {isa = PBXBuildFile; fileRef = BF122DF11C9EC64100A9D652 /* Main.storyboard */; };
		BF122DF51C9EC64100A9D652 /* Assets.xcassets in Resources */ = {isa = PBXBuildFile; fileRef = BF122DF41C9EC64100A9D652 /* Assets.xcassets */; };
		BF122DF81C9EC64100A9D652 /* LaunchScreen.storyboard in Resources */ = {isa = PBXBuildFile; fileRef = BF122DF61C9EC64100A9D652 /* LaunchScreen.storyboard */; };
		BF122E031C9EC64100A9D652 /* PitchPerfectTests.swift in Sources */ = {isa = PBXBuildFile; fileRef = BF122E021C9EC64100A9D652 /* PitchPerfectTests.swift */; };
		BF122E0E1C9EC64100A9D652 /* PitchPerfectUITests.swift in Sources */ = {isa = PBXBuildFile; fileRef = BF122E0D1C9EC64100A9D652 /* PitchPerfectUITests.swift */; };
		BF9EF8AC1CA15B350091CAF8 /* PlaySoundsViewController.swift in Sources */ = {isa = PBXBuildFile; fileRef = BF9EF8AB1CA15B350091CAF8 /* PlaySoundsViewController.swift */; };
		BF9EF8AE1CA1640E0091CAF8 /* PlaySoundsViewController+Audio.swift in Sources */ = {isa = PBXBuildFile; fileRef = BF9EF8AD1CA1640E0091CAF8 /* PlaySoundsViewController+Audio.swift */; };
/* End PBXBuildFile section */

/* Begin PBXContainerItemProxy section */
		BF122DFF1C9EC64100A9D652 /* PBXContainerItemProxy */ = {
			isa = PBXContainerItemProxy;
			containerPortal = BF122DE21C9EC64000A9D652 /* Project object */;
			proxyType = 1;
			remoteGlobalIDString = BF122DE91C9EC64000A9D652;
			remoteInfo = PitchPerfect;
		};
		BF122E0A1C9EC64100A9D652 /* PBXContainerItemProxy */ = {
			isa = PBXContainerItemProxy;
			containerPortal = BF122DE21C9EC64000A9D652 /* Project object */;
			proxyType = 1;
			remoteGlobalIDString = BF122DE91C9EC64000A9D652;
			remoteInfo = PitchPerfect;
		};
/* End PBXContainerItemProxy section */

/* Begin PBXFileReference section */
		BF122DEA1C9EC64000A9D652 /* PitchPerfect.app */ = {isa = PBXFileReference; explicitFileType = wrapper.application; includeInIndex = 0; path = PitchPerfect.app; sourceTree = BUILT_PRODUCTS_DIR; };
		BF122DED1C9EC64000A9D652 /* AppDelegate.swift */ = {isa = PBXFileReference; lastKnownFileType = sourcecode.swift; path = AppDelegate.swift; sourceTree = "<group>"; };
		BF122DEF1C9EC64100A9D652 /* RecordSoundsViewController.swift */ = {isa = PBXFileReference; lastKnownFileType = sourcecode.swift; path = RecordSoundsViewController.swift; sourceTree = "<group>"; };
		BF122DF21C9EC64100A9D652 /* Base */ = {isa = PBXFileReference; lastKnownFileType = file.storyboard; name = Base; path = Base.lproj/Main.storyboard; sourceTree = "<group>"; };
		BF122DF41C9EC64100A9D652 /* Assets.xcassets */ = {isa = PBXFileReference; lastKnownFileType = folder.assetcatalog; path = Assets.xcassets; sourceTree = "<group>"; };
		BF122DF71C9EC64100A9D652 /* Base */ = {isa = PBXFileReference; lastKnownFileType = file.storyboard; name = Base; path = Base.lproj/LaunchScreen.storyboard; sourceTree = "<group>"; };
		BF122DF91C9EC64100A9D652 /* Info.plist */ = {isa = PBXFileReference; lastKnownFileType = text.plist.xml; path = Info.plist; sourceTree = "<group>"; };
		BF122DFE1C9EC64100A9D652 /* PitchPerfectTests.xctest */ = {isa = PBXFileReference; explicitFileType = wrapper.cfbundle; includeInIndex = 0; path = PitchPerfectTests.xctest; sourceTree = BUILT_PRODUCTS_DIR; };
		BF122E021C9EC64100A9D652 /* PitchPerfectTests.swift */ = {isa = PBXFileReference; lastKnownFileType = sourcecode.swift; path = PitchPerfectTests.swift; sourceTree = "<group>"; };
		BF122E041C9EC64100A9D652 /* Info.plist */ = {isa = PBXFileReference; lastKnownFileType = text.plist.xml; path = Info.plist; sourceTree = "<group>"; };
		BF122E091C9EC64100A9D652 /* PitchPerfectUITests.xctest */ = {isa = PBXFileReference; explicitFileType = wrapper.cfbundle; includeInIndex = 0; path = PitchPerfectUITests.xctest; sourceTree = BUILT_PRODUCTS_DIR; };
		BF122E0D1C9EC64100A9D652 /* PitchPerfectUITests.swift */ = {isa = PBXFileReference; lastKnownFileType = sourcecode.swift; path = PitchPerfectUITests.swift; sourceTree = "<group>"; };
		BF122E0F1C9EC64100A9D652 /* Info.plist */ = {isa = PBXFileReference; lastKnownFileType = text.plist.xml; path = Info.plist; sourceTree = "<group>"; };
		BF9EF8AB1CA15B350091CAF8 /* PlaySoundsViewController.swift */ = {isa = PBXFileReference; fileEncoding = 4; lastKnownFileType = sourcecode.swift; path = PlaySoundsViewController.swift; sourceTree = "<group>"; };
		BF9EF8AD1CA1640E0091CAF8 /* PlaySoundsViewController+Audio.swift */ = {isa = PBXFileReference; fileEncoding = 4; lastKnownFileType = sourcecode.swift; path = "PlaySoundsViewController+Audio.swift"; sourceTree = "<group>"; };
/* End PBXFileReference section */

/* Begin PBXFrameworksBuildPhase section */
		BF122DE71C9EC64000A9D652 /* Frameworks */ = {
			isa = PBXFrameworksBuildPhase;
			buildActionMask = 2147483647;
			files = (
			);
			runOnlyForDeploymentPostprocessing = 0;
		};
		BF122DFB1C9EC64100A9D652 /* Frameworks */ = {
			isa = PBXFrameworksBuildPhase;
			buildActionMask = 2147483647;
			files = (
			);
			runOnlyForDeploymentPostprocessing = 0;
		};
		BF122E061C9EC64100A9D652 /* Frameworks */ = {
			isa = PBXFrameworksBuildPhase;
			buildActionMask = 2147483647;
			files = (
			);
			runOnlyForDeploymentPostprocessing = 0;
		};
/* End PBXFrameworksBuildPhase section */

/* Begin PBXGroup section */
		BF122DE11C9EC64000A9D652 = {
			isa = PBXGroup;
			children = (
				BF122DEC1C9EC64000A9D652 /* PitchPerfect */,
				BF122E011C9EC64100A9D652 /* PitchPerfectTests */,
				BF122E0C1C9EC64100A9D652 /* PitchPerfectUITests */,
				BF122DEB1C9EC64000A9D652 /* Products */,
			);
			sourceTree = "<group>";
		};
		BF122DEB1C9EC64000A9D652 /* Products */ = {
			isa = PBXGroup;
			children = (
				BF122DEA1C9EC64000A9D652 /* PitchPerfect.app */,
				BF122DFE1C9EC64100A9D652 /* PitchPerfectTests.xctest */,
				BF122E091C9EC64100A9D652 /* PitchPerfectUITests.xctest */,
			);
			name = Products;
			sourceTree = "<group>";
		};
		BF122DEC1C9EC64000A9D652 /* PitchPerfect */ = {
			isa = PBXGroup;
			children = (
				BF122DED1C9EC64000A9D652 /* AppDelegate.swift */,
				BF122DEF1C9EC64100A9D652 /* RecordSoundsViewController.swift */,
				BF9EF8AB1CA15B350091CAF8 /* PlaySoundsViewController.swift */,
				BF9EF8AD1CA1640E0091CAF8 /* PlaySoundsViewController+Audio.swift */,
				BF122DF11C9EC64100A9D652 /* Main.storyboard */,
				BF122DF41C9EC64100A9D652 /* Assets.xcassets */,
				BF122DF61C9EC64100A9D652 /* LaunchScreen.storyboard */,
				BF122DF91C9EC64100A9D652 /* Info.plist */,
			);
			path = PitchPerfect;
			sourceTree = "<group>";
		};
		BF122E011C9EC64100A9D652 /* PitchPerfectTests */ = {
			isa = PBXGroup;
			children = (
				BF122E021C9EC64100A9D652 /* PitchPerfectTests.swift */,
				BF122E041C9EC64100A9D652 /* Info.plist */,
			);
			path = PitchPerfectTests;
			sourceTree = "<group>";
		};
		BF122E0C1C9EC64100A9D652 /* PitchPerfectUITests */ = {
			isa = PBXGroup;
			children = (
				BF122E0D1C9EC64100A9D652 /* PitchPerfectUITests.swift */,
				BF122E0F1C9EC64100A9D652 /* Info.plist */,
			);
			path = PitchPerfectUITests;
			sourceTree = "<group>";
		};
/* End PBXGroup section */

/* Begin PBXNativeTarget section */
		BF122DE91C9EC64000A9D652 /* PitchPerfect */ = {
			isa = PBXNativeTarget;
			buildConfigurationList = BF122E121C9EC64100A9D652 /* Build configuration list for PBXNativeTarget "PitchPerfect" */;
			buildPhases = (
				BF122DE61C9EC64000A9D652 /* Sources */,
				BF122DE71C9EC64000A9D652 /* Frameworks */,
				BF122DE81C9EC64000A9D652 /* Resources */,
			);
			buildRules = (
			);
			dependencies = (
			);
			name = PitchPerfect;
			productName = PitchPerfect;
			productReference = BF122DEA1C9EC64000A9D652 /* PitchPerfect.app */;
			productType = "com.apple.product-type.application";
		};
		BF122DFD1C9EC64100A9D652 /* PitchPerfectTests */ = {
			isa = PBXNativeTarget;
			buildConfigurationList = BF122E151C9EC64100A9D652 /* Build configuration list for PBXNativeTarget "PitchPerfectTests" */;
			buildPhases = (
				BF122DFA1C9EC64100A9D652 /* Sources */,
				BF122DFB1C9EC64100A9D652 /* Frameworks */,
				BF122DFC1C9EC64100A9D652 /* Resources */,
			);
			buildRules = (
			);
			dependencies = (
				BF122E001C9EC64100A9D652 /* PBXTargetDependency */,
			);
			name = PitchPerfectTests;
			productName = PitchPerfectTests;
			productReference = BF122DFE1C9EC64100A9D652 /* PitchPerfectTests.xctest */;
			productType = "com.apple.product-type.bundle.unit-test";
		};
		BF122E081C9EC64100A9D652 /* PitchPerfectUITests */ = {
			isa = PBXNativeTarget;
			buildConfigurationList = BF122E181C9EC64100A9D652 /* Build configuration list for PBXNativeTarget "PitchPerfectUITests" */;
			buildPhases = (
				BF122E051C9EC64100A9D652 /* Sources */,
				BF122E061C9EC64100A9D652 /* Frameworks */,
				BF122E071C9EC64100A9D652 /* Resources */,
			);
			buildRules = (
			);
			dependencies = (
				BF122E0B1C9EC64100A9D652 /* PBXTargetDependency */,
			);
			name = PitchPerfectUITests;
			productName = PitchPerfectUITests;
			productReference = BF122E091C9EC64100A9D652 /* PitchPerfectUITests.xctest */;
			productType = "com.apple.product-type.bundle.ui-testing";
		};
/* End PBXNativeTarget section */

/* Begin PBXProject section */
		BF122DE21C9EC64000A9D652 /* Project object */ = {
			isa = PBXProject;
			attributes = {
				LastSwiftUpdateCheck = 0720;
				LastUpgradeCheck = 0720;
				ORGANIZATIONNAME = "Akshay Gangwar";
				TargetAttributes = {
					BF122DE91C9EC64000A9D652 = {
						CreatedOnToolsVersion = 7.2.1;
					};
					BF122DFD1C9EC64100A9D652 = {
						CreatedOnToolsVersion = 7.2.1;
						TestTargetID = BF122DE91C9EC64000A9D652;
					};
					BF122E081C9EC64100A9D652 = {
						CreatedOnToolsVersion = 7.2.1;
						TestTargetID = BF122DE91C9EC64000A9D652;
					};
				};
			};
			buildConfigurationList = BF122DE51C9EC64000A9D652 /* Build configuration list for PBXProject "PitchPerfect" */;
			compatibilityVersion = "Xcode 3.2";
			developmentRegion = English;
			hasScannedForEncodings = 0;
			knownRegions = (
				en,
				Base,
			);
			mainGroup = BF122DE11C9EC64000A9D652;
			productRefGroup = BF122DEB1C9EC64000A9D652 /* Products */;
			projectDirPath = "";
			projectRoot = "";
			targets = (
				BF122DE91C9EC64000A9D652 /* PitchPerfect */,
				BF122DFD1C9EC64100A9D652 /* PitchPerfectTests */,
				BF122E081C9EC64100A9D652 /* PitchPerfectUITests */,
			);
		};
/* End PBXProject section */

/* Begin PBXResourcesBuildPhase section */
		BF122DE81C9EC64000A9D652 /* Resources */ = {
			isa = PBXResourcesBuildPhase;
			buildActionMask = 2147483647;
			files = (
				BF122DF81C9EC64100A9D652 /* LaunchScreen.storyboard in Resources */,
				BF122DF51C9EC64100A9D652 /* Assets.xcassets in Resources */,
				BF122DF31C9EC64100A9D652 /* Main.storyboard in Resources */,
			);
			runOnlyForDeploymentPostprocessing = 0;
		};
		BF122DFC1C9EC64100A9D652 /* Resources */ = {
			isa = PBXResourcesBuildPhase;
			buildActionMask = 2147483647;
			files = (
			);
			runOnlyForDeploymentPostprocessing = 0;
		};
		BF122E071C9EC64100A9D652 /* Resources */ = {
			isa = PBXResourcesBuildPhase;
			buildActionMask = 2147483647;
			files = (
			);
			runOnlyForDeploymentPostprocessing = 0;
		};
/* End PBXResourcesBuildPhase section */

/* Begin PBXSourcesBuildPhase section */
		BF122DE61C9EC64000A9D652 /* Sources */ = {
			isa = PBXSourcesBuildPhase;
			buildActionMask = 2147483647;
			files = (
				BF122DF01C9EC64100A9D652 /* RecordSoundsViewController.swift in Sources */,
				BF9EF8AE1CA1640E0091CAF8 /* PlaySoundsViewController+Audio.swift in Sources */,
				BF9EF8AC1CA15B350091CAF8 /* PlaySoundsViewController.swift in Sources */,
				BF122DEE1C9EC64100A9D652 /* AppDelegate.swift in Sources */,
			);
			runOnlyForDeploymentPostprocessing = 0;
		};
		BF122DFA1C9EC64100A9D652 /* Sources */ = {
			isa = PBXSourcesBuildPhase;
			buildActionMask = 2147483647;
			files = (
				BF122E031C9EC64100A9D652 /* PitchPerfectTests.swift in Sources */,
			);
			runOnlyForDeploymentPostprocessing = 0;
		};
		BF122E051C9EC64100A9D652 /* Sources */ = {
			isa = PBXSourcesBuildPhase;
			buildActionMask = 2147483647;
			files = (
				BF122E0E1C9EC64100A9D652 /* PitchPerfectUITests.swift in Sources */,
			);
			runOnlyForDeploymentPostprocessing = 0;
		};
/* End PBXSourcesBuildPhase section */

/* Begin PBXTargetDependency section */
		BF122E001C9EC64100A9D652 /* PBXTargetDependency */ = {
			isa = PBXTargetDependency;
			target = BF122DE91C9EC64000A9D652 /* PitchPerfect */;
			targetProxy = BF122DFF1C9EC64100A9D652 /* PBXContainerItemProxy */;
		};
		BF122E0B1C9EC64100A9D652 /* PBXTargetDependency */ = {
			isa = PBXTargetDependency;
			target = BF122DE91C9EC64000A9D652 /* PitchPerfect */;
			targetProxy = BF122E0A1C9EC64100A9D652 /* PBXContainerItemProxy */;
		};
/* End PBXTargetDependency section */

/* Begin PBXVariantGroup section */
		BF122DF11C9EC64100A9D652 /* Main.storyboard */ = {
			isa = PBXVariantGroup;
			children = (
				BF122DF21C9EC64100A9D652 /* Base */,
			);
			name = Main.storyboard;
			sourceTree = "<group>";
		};
		BF122DF61C9EC64100A9D652 /* LaunchScreen.storyboard */ = {
			isa = PBXVariantGroup;
			children = (
				BF122DF71C9EC64100A9D652 /* Base */,
			);
			name = LaunchScreen.storyboard;
			sourceTree = "<group>";
		};
/* End PBXVariantGroup section */

/* Begin XCBuildConfiguration section */
		BF122E101C9EC64100A9D652 /* Debug */ = {
			isa = XCBuildConfiguration;
			buildSettings = {
				ALWAYS_SEARCH_USER_PATHS = NO;
				CLANG_CXX_LANGUAGE_STANDARD = "gnu++0x";
				CLANG_CXX_LIBRARY = "libc++";
				CLANG_ENABLE_MODULES = YES;
				CLANG_ENABLE_OBJC_ARC = YES;
				CLANG_WARN_BOOL_CONVERSION = YES;
				CLANG_WARN_CONSTANT_CONVERSION = YES;
				CLANG_WARN_DIRECT_OBJC_ISA_USAGE = YES_ERROR;
				CLANG_WARN_EMPTY_BODY = YES;
				CLANG_WARN_ENUM_CONVERSION = YES;
				CLANG_WARN_INT_CONVERSION = YES;
				CLANG_WARN_OBJC_ROOT_CLASS = YES_ERROR;
				CLANG_WARN_UNREACHABLE_CODE = YES;
				CLANG_WARN__DUPLICATE_METHOD_MATCH = YES;
				"CODE_SIGN_IDENTITY[sdk=iphoneos*]" = "iPhone Developer";
				COPY_PHASE_STRIP = NO;
				DEBUG_INFORMATION_FORMAT = dwarf;
				ENABLE_STRICT_OBJC_MSGSEND = YES;
				ENABLE_TESTABILITY = YES;
				GCC_C_LANGUAGE_STANDARD = gnu99;
				GCC_DYNAMIC_NO_PIC = NO;
				GCC_NO_COMMON_BLOCKS = YES;
				GCC_OPTIMIZATION_LEVEL = 0;
				GCC_PREPROCESSOR_DEFINITIONS = (
					"DEBUG=1",
					"$(inherited)",
				);
				GCC_WARN_64_TO_32_BIT_CONVERSION = YES;
				GCC_WARN_ABOUT_RETURN_TYPE = YES_ERROR;
				GCC_WARN_UNDECLARED_SELECTOR = YES;
				GCC_WARN_UNINITIALIZED_AUTOS = YES_AGGRESSIVE;
				GCC_WARN_UNUSED_FUNCTION = YES;
				GCC_WARN_UNUSED_VARIABLE = YES;
				IPHONEOS_DEPLOYMENT_TARGET = 9.2;
				MTL_ENABLE_DEBUG_INFO = YES;
				ONLY_ACTIVE_ARCH = YES;
				SDKROOT = iphoneos;
				SWIFT_OPTIMIZATION_LEVEL = "-Onone";
			};
			name = Debug;
		};
		BF122E111C9EC64100A9D652 /* Release */ = {
			isa = XCBuildConfiguration;
			buildSettings = {
				ALWAYS_SEARCH_USER_PATHS = NO;
				CLANG_CXX_LANGUAGE_STANDARD = "gnu++0x";
				CLANG_CXX_LIBRARY = "libc++";
				CLANG_ENABLE_MODULES = YES;
				CLANG_ENABLE_OBJC_ARC = YES;
				CLANG_WARN_BOOL_CONVERSION = YES;
				CLANG_WARN_CONSTANT_CONVERSION = YES;
				CLANG_WARN_DIRECT_OBJC_ISA_USAGE = YES_ERROR;
				CLANG_WARN_EMPTY_BODY = YES;
				CLANG_WARN_ENUM_CONVERSION = YES;
				CLANG_WARN_INT_CONVERSION = YES;
				CLANG_WARN_OBJC_ROOT_CLASS = YES_ERROR;
				CLANG_WARN_UNREACHABLE_CODE = YES;
				CLANG_WARN__DUPLICATE_METHOD_MATCH = YES;
				"CODE_SIGN_IDENTITY[sdk=iphoneos*]" = "iPhone Developer";
				COPY_PHASE_STRIP = NO;
				DEBUG_INFORMATION_FORMAT = "dwarf-with-dsym";
				ENABLE_NS_ASSERTIONS = NO;
				ENABLE_STRICT_OBJC_MSGSEND = YES;
				GCC_C_LANGUAGE_STANDARD = gnu99;
				GCC_NO_COMMON_BLOCKS = YES;
				GCC_WARN_64_TO_32_BIT_CONVERSION = YES;
				GCC_WARN_ABOUT_RETURN_TYPE = YES_ERROR;
				GCC_WARN_UNDECLARED_SELECTOR = YES;
				GCC_WARN_UNINITIALIZED_AUTOS = YES_AGGRESSIVE;
				GCC_WARN_UNUSED_FUNCTION = YES;
				GCC_WARN_UNUSED_VARIABLE = YES;
				IPHONEOS_DEPLOYMENT_TARGET = 9.2;
				MTL_ENABLE_DEBUG_INFO = NO;
				SDKROOT = iphoneos;
				VALIDATE_PRODUCT = YES;
			};
			name = Release;
		};
		BF122E131C9EC64100A9D652 /* Debug */ = {
			isa = XCBuildConfiguration;
			buildSettings = {
				ASSETCATALOG_COMPILER_APPICON_NAME = AppIcon;
				INFOPLIST_FILE = PitchPerfect/Info.plist;
				LD_RUNPATH_SEARCH_PATHS = "$(inherited) @executable_path/Frameworks";
				PRODUCT_BUNDLE_IDENTIFIER = in.akshaygangwar.PitchPerfect;
				PRODUCT_NAME = "$(TARGET_NAME)";
			};
			name = Debug;
		};
		BF122E141C9EC64100A9D652 /* Release */ = {
			isa = XCBuildConfiguration;
			buildSettings = {
				ASSETCATALOG_COMPILER_APPICON_NAME = AppIcon;
				INFOPLIST_FILE = PitchPerfect/Info.plist;
				LD_RUNPATH_SEARCH_PATHS = "$(inherited) @executable_path/Frameworks";
				PRODUCT_BUNDLE_IDENTIFIER = in.akshaygangwar.PitchPerfect;
				PRODUCT_NAME = "$(TARGET_NAME)";
			};
			name = Release;
		};
		BF122E161C9EC64100A9D652 /* Debug */ = {
			isa = XCBuildConfiguration;
			buildSettings = {
				BUNDLE_LOADER = "$(TEST_HOST)";
				INFOPLIST_FILE = PitchPerfectTests/Info.plist;
				LD_RUNPATH_SEARCH_PATHS = "$(inherited) @executable_path/Frameworks @loader_path/Frameworks";
				PRODUCT_BUNDLE_IDENTIFIER = in.akshaygangwar.PitchPerfectTests;
				PRODUCT_NAME = "$(TARGET_NAME)";
				TEST_HOST = "$(BUILT_PRODUCTS_DIR)/PitchPerfect.app/PitchPerfect";
			};
			name = Debug;
		};
		BF122E171C9EC64100A9D652 /* Release */ = {
			isa = XCBuildConfiguration;
			buildSettings = {
				BUNDLE_LOADER = "$(TEST_HOST)";
				INFOPLIST_FILE = PitchPerfectTests/Info.plist;
				LD_RUNPATH_SEARCH_PATHS = "$(inherited) @executable_path/Frameworks @loader_path/Frameworks";
				PRODUCT_BUNDLE_IDENTIFIER = in.akshaygangwar.PitchPerfectTests;
				PRODUCT_NAME = "$(TARGET_NAME)";
				TEST_HOST = "$(BUILT_PRODUCTS_DIR)/PitchPerfect.app/PitchPerfect";
			};
			name = Release;
		};
		BF122E191C9EC64100A9D652 /* Debug */ = {
			isa = XCBuildConfiguration;
			buildSettings = {
				INFOPLIST_FILE = PitchPerfectUITests/Info.plist;
				LD_RUNPATH_SEARCH_PATHS = "$(inherited) @executable_path/Frameworks @loader_path/Frameworks";
				PRODUCT_BUNDLE_IDENTIFIER = in.akshaygangwar.PitchPerfectUITests;
				PRODUCT_NAME = "$(TARGET_NAME)";
				TEST_TARGET_NAME = PitchPerfect;
				USES_XCTRUNNER = YES;
			};
			name = Debug;
		};
		BF122E1A1C9EC64100A9D652 /* Release */ = {
			isa = XCBuildConfiguration;
			buildSettings = {
				INFOPLIST_FILE = PitchPerfectUITests/Info.plist;
				LD_RUNPATH_SEARCH_PATHS = "$(inherited) @executable_path/Frameworks @loader_path/Frameworks";
				PRODUCT_BUNDLE_IDENTIFIER = in.akshaygangwar.PitchPerfectUITests;
				PRODUCT_NAME = "$(TARGET_NAME)";
				TEST_TARGET_NAME = PitchPerfect;
				USES_XCTRUNNER = YES;
			};
			name = Release;
		};
/* End XCBuildConfiguration section */

/* Begin XCConfigurationList section */
		BF122DE51C9EC64000A9D652 /* Build configuration list for PBXProject "PitchPerfect" */ = {
			isa = XCConfigurationList;
			buildConfigurations = (
				BF122E101C9EC64100A9D652 /* Debug */,
				BF122E111C9EC64100A9D652 /* Release */,
			);
			defaultConfigurationIsVisible = 0;
			defaultConfigurationName = Release;
		};
		BF122E121C9EC64100A9D652 /* Build configuration list for PBXNativeTarget "PitchPerfect" */ = {
			isa = XCConfigurationList;
			buildConfigurations = (
				BF122E131C9EC64100A9D652 /* Debug */,
				BF122E141C9EC64100A9D652 /* Release */,
			);
			defaultConfigurationIsVisible = 0;
			defaultConfigurationName = Release;
		};
		BF122E151C9EC64100A9D652 /* Build configuration list for PBXNativeTarget "PitchPerfectTests" */ = {
			isa = XCConfigurationList;
			buildConfigurations = (
				BF122E161C9EC64100A9D652 /* Debug */,
				BF122E171C9EC64100A9D652 /* Release */,
			);
			defaultConfigurationIsVisible = 0;
			defaultConfigurationName = Release;
		};
		BF122E181C9EC64100A9D652 /* Build configuration list for PBXNativeTarget "PitchPerfectUITests" */ = {
			isa = XCConfigurationList;
			buildConfigurations = (
				BF122E191C9EC64100A9D652 /* Debug */,
				BF122E1A1C9EC64100A9D652 /* Release */,
			);
			defaultConfigurationIsVisible = 0;
			defaultConfigurationName = Release;
		};
/* End XCConfigurationList section */
	};
	rootObject = BF122DE21C9EC64000A9D652 /* Project object */;
}
